// !$*UTF8*$!
{
	archiveVersion = 1;
	classes = {
	};
	objectVersion = 50;
	objects = {

/* Begin PBXBuildFile section */
		8788752722F3586B00C62F6C /* AppDelegate.swift in Sources */ = {isa = PBXBuildFile; fileRef = 8788752622F3586B00C62F6C /* AppDelegate.swift */; };
		8788752922F3586B00C62F6C /* RootViewController.swift in Sources */ = {isa = PBXBuildFile; fileRef = 8788752822F3586B00C62F6C /* RootViewController.swift */; };
		8788752C22F3586B00C62F6C /* Main.storyboard in Resources */ = {isa = PBXBuildFile; fileRef = 8788752A22F3586B00C62F6C /* Main.storyboard */; };
		8788752E22F3586D00C62F6C /* Assets.xcassets in Resources */ = {isa = PBXBuildFile; fileRef = 8788752D22F3586D00C62F6C /* Assets.xcassets */; };
		8788753122F3586D00C62F6C /* LaunchScreen.storyboard in Resources */ = {isa = PBXBuildFile; fileRef = 8788752F22F3586D00C62F6C /* LaunchScreen.storyboard */; };
		8788754122F35E6500C62F6C /* DayViewController.swift in Sources */ = {isa = PBXBuildFile; fileRef = 8788754022F35E6500C62F6C /* DayViewController.swift */; };
		8788754422F35F3E00C62F6C /* WeekViewController.swift in Sources */ = {isa = PBXBuildFile; fileRef = 8788754322F35F3E00C62F6C /* WeekViewController.swift */; };
		8788754722F3615600C62F6C /* UIViewController.swift in Sources */ = {isa = PBXBuildFile; fileRef = 8788754622F3615600C62F6C /* UIViewController.swift */; };
		8788754922F361FE00C62F6C /* UIStoryboard.swift in Sources */ = {isa = PBXBuildFile; fileRef = 8788754822F361FE00C62F6C /* UIStoryboard.swift */; };
		8788754C22F36E2900C62F6C /* WeatherRequest.swift in Sources */ = {isa = PBXBuildFile; fileRef = 8788754B22F36E2900C62F6C /* WeatherRequest.swift */; };
		8788754F22F3701000C62F6C /* Configuration.swift in Sources */ = {isa = PBXBuildFile; fileRef = 8788754E22F3701000C62F6C /* Configuration.swift */; };
		8788755222F3911500C62F6C /* RootViewModel.swift in Sources */ = {isa = PBXBuildFile; fileRef = 8788755122F3911500C62F6C /* RootViewModel.swift */; };
		8788755422F39D7000C62F6C /* DarkSkyResponse.swift in Sources */ = {isa = PBXBuildFile; fileRef = 8788755322F39D7000C62F6C /* DarkSkyResponse.swift */; };
		8788755722F3A6CC00C62F6C /* WeatherData.swift in Sources */ = {isa = PBXBuildFile; fileRef = 8788755622F3A6CC00C62F6C /* WeatherData.swift */; };
/* End PBXBuildFile section */

/* Begin PBXFileReference section */
		8788752322F3586B00C62F6C /* WeatherApp.app */ = {isa = PBXFileReference; explicitFileType = wrapper.application; includeInIndex = 0; path = WeatherApp.app; sourceTree = BUILT_PRODUCTS_DIR; };
		8788752622F3586B00C62F6C /* AppDelegate.swift */ = {isa = PBXFileReference; lastKnownFileType = sourcecode.swift; path = AppDelegate.swift; sourceTree = "<group>"; };
		8788752822F3586B00C62F6C /* RootViewController.swift */ = {isa = PBXFileReference; lastKnownFileType = sourcecode.swift; path = RootViewController.swift; sourceTree = "<group>"; };
		8788752B22F3586B00C62F6C /* Base */ = {isa = PBXFileReference; lastKnownFileType = file.storyboard; name = Base; path = Base.lproj/Main.storyboard; sourceTree = "<group>"; };
		8788752D22F3586D00C62F6C /* Assets.xcassets */ = {isa = PBXFileReference; lastKnownFileType = folder.assetcatalog; path = Assets.xcassets; sourceTree = "<group>"; };
		8788753022F3586D00C62F6C /* Base */ = {isa = PBXFileReference; lastKnownFileType = file.storyboard; name = Base; path = Base.lproj/LaunchScreen.storyboard; sourceTree = "<group>"; };
		8788753222F3586D00C62F6C /* Info.plist */ = {isa = PBXFileReference; lastKnownFileType = text.plist.xml; path = Info.plist; sourceTree = "<group>"; };
		8788754022F35E6500C62F6C /* DayViewController.swift */ = {isa = PBXFileReference; lastKnownFileType = sourcecode.swift; path = DayViewController.swift; sourceTree = "<group>"; };
		8788754322F35F3E00C62F6C /* WeekViewController.swift */ = {isa = PBXFileReference; lastKnownFileType = sourcecode.swift; path = WeekViewController.swift; sourceTree = "<group>"; };
		8788754622F3615600C62F6C /* UIViewController.swift */ = {isa = PBXFileReference; lastKnownFileType = sourcecode.swift; path = UIViewController.swift; sourceTree = "<group>"; };
		8788754822F361FE00C62F6C /* UIStoryboard.swift */ = {isa = PBXFileReference; lastKnownFileType = sourcecode.swift; path = UIStoryboard.swift; sourceTree = "<group>"; };
		8788754B22F36E2900C62F6C /* WeatherRequest.swift */ = {isa = PBXFileReference; lastKnownFileType = sourcecode.swift; path = WeatherRequest.swift; sourceTree = "<group>"; };
		8788754E22F3701000C62F6C /* Configuration.swift */ = {isa = PBXFileReference; lastKnownFileType = sourcecode.swift; path = Configuration.swift; sourceTree = "<group>"; };
		8788755122F3911500C62F6C /* RootViewModel.swift */ = {isa = PBXFileReference; lastKnownFileType = sourcecode.swift; path = RootViewModel.swift; sourceTree = "<group>"; };
		8788755322F39D7000C62F6C /* DarkSkyResponse.swift */ = {isa = PBXFileReference; lastKnownFileType = sourcecode.swift; path = DarkSkyResponse.swift; sourceTree = "<group>"; };
		8788755622F3A6CC00C62F6C /* WeatherData.swift */ = {isa = PBXFileReference; lastKnownFileType = sourcecode.swift; path = WeatherData.swift; sourceTree = "<group>"; };
/* End PBXFileReference section */

/* Begin PBXFrameworksBuildPhase section */
		8788752022F3586B00C62F6C /* Frameworks */ = {
			isa = PBXFrameworksBuildPhase;
			buildActionMask = 2147483647;
			files = (
			);
			runOnlyForDeploymentPostprocessing = 0;
		};
/* End PBXFrameworksBuildPhase section */

/* Begin PBXGroup section */
		8788751A22F3586B00C62F6C = {
			isa = PBXGroup;
			children = (
				8788752522F3586B00C62F6C /* WeatherApp */,
				8788752422F3586B00C62F6C /* Products */,
			);
			sourceTree = "<group>";
		};
		8788752422F3586B00C62F6C /* Products */ = {
			isa = PBXGroup;
			children = (
				8788752322F3586B00C62F6C /* WeatherApp.app */,
			);
			name = Products;
			sourceTree = "<group>";
		};
		8788752522F3586B00C62F6C /* WeatherApp */ = {
			isa = PBXGroup;
			children = (
				8788755522F3A6B200C62F6C /* Protocols */,
				8788754D22F36FF800C62F6C /* Configuration */,
				8788754A22F36E1400C62F6C /* Models */,
				8788754522F3611A00C62F6C /* Extensions */,
				8788753D22F35A2900C62F6C /* Supporting Files */,
				8788753C22F35A0E00C62F6C /* Resources */,
				8788753B22F359CA00C62F6C /* Storyboards */,
				8788753922F3590A00C62F6C /* View Controllers */,
				8788753822F358C800C62F6C /* Application Delegate */,
			);
			path = WeatherApp;
			sourceTree = "<group>";
		};
		8788753822F358C800C62F6C /* Application Delegate */ = {
			isa = PBXGroup;
			children = (
				8788752622F3586B00C62F6C /* AppDelegate.swift */,
			);
			path = "Application Delegate";
			sourceTree = "<group>";
		};
		8788753922F3590A00C62F6C /* View Controllers */ = {
			isa = PBXGroup;
			children = (
				8788753E22F35DD600C62F6C /* Weather View Controller */,
				8788753A22F3592700C62F6C /* Root View Controller */,
			);
			path = "View Controllers";
			sourceTree = "<group>";
		};
		8788753A22F3592700C62F6C /* Root View Controller */ = {
			isa = PBXGroup;
			children = (
				8788755022F390F400C62F6C /* View Models */,
				8788752822F3586B00C62F6C /* RootViewController.swift */,
			);
			path = "Root View Controller";
			sourceTree = "<group>";
		};
		8788753B22F359CA00C62F6C /* Storyboards */ = {
			isa = PBXGroup;
			children = (
				8788752A22F3586B00C62F6C /* Main.storyboard */,
				8788752F22F3586D00C62F6C /* LaunchScreen.storyboard */,
			);
			path = Storyboards;
			sourceTree = "<group>";
		};
		8788753C22F35A0E00C62F6C /* Resources */ = {
			isa = PBXGroup;
			children = (
				8788752D22F3586D00C62F6C /* Assets.xcassets */,
			);
			path = Resources;
			sourceTree = "<group>";
		};
		8788753D22F35A2900C62F6C /* Supporting Files */ = {
			isa = PBXGroup;
			children = (
				8788753222F3586D00C62F6C /* Info.plist */,
			);
			path = "Supporting Files";
			sourceTree = "<group>";
		};
		8788753E22F35DD600C62F6C /* Weather View Controller */ = {
			isa = PBXGroup;
			children = (
				8788754222F35F1800C62F6C /* Week View Controller */,
				8788753F22F35DFE00C62F6C /* Day View Controller */,
			);
			path = "Weather View Controller";
			sourceTree = "<group>";
		};
		8788753F22F35DFE00C62F6C /* Day View Controller */ = {
			isa = PBXGroup;
			children = (
				8788754022F35E6500C62F6C /* DayViewController.swift */,
			);
			path = "Day View Controller";
			sourceTree = "<group>";
		};
		8788754222F35F1800C62F6C /* Week View Controller */ = {
			isa = PBXGroup;
			children = (
				8788754322F35F3E00C62F6C /* WeekViewController.swift */,
			);
			path = "Week View Controller";
			sourceTree = "<group>";
		};
		8788754522F3611A00C62F6C /* Extensions */ = {
			isa = PBXGroup;
			children = (
				8788754622F3615600C62F6C /* UIViewController.swift */,
				8788754822F361FE00C62F6C /* UIStoryboard.swift */,
			);
			path = Extensions;
			sourceTree = "<group>";
		};
		8788754A22F36E1400C62F6C /* Models */ = {
			isa = PBXGroup;
			children = (
				8788754B22F36E2900C62F6C /* WeatherRequest.swift */,
				8788755322F39D7000C62F6C /* DarkSkyResponse.swift */,
			);
			path = Models;
			sourceTree = "<group>";
		};
		8788754D22F36FF800C62F6C /* Configuration */ = {
			isa = PBXGroup;
			children = (
				8788754E22F3701000C62F6C /* Configuration.swift */,
			);
			path = Configuration;
			sourceTree = "<group>";
		};
		8788755022F390F400C62F6C /* View Models */ = {
			isa = PBXGroup;
			children = (
				8788755122F3911500C62F6C /* RootViewModel.swift */,
			);
			path = "View Models";
			sourceTree = "<group>";
		};
		8788755522F3A6B200C62F6C /* Protocols */ = {
			isa = PBXGroup;
			children = (
				8788755622F3A6CC00C62F6C /* WeatherData.swift */,
			);
			path = Protocols;
			sourceTree = "<group>";
		};
/* End PBXGroup section */

/* Begin PBXNativeTarget section */
		8788752222F3586B00C62F6C /* WeatherApp */ = {
			isa = PBXNativeTarget;
			buildConfigurationList = 8788753522F3586D00C62F6C /* Build configuration list for PBXNativeTarget "WeatherApp" */;
			buildPhases = (
				8788751F22F3586B00C62F6C /* Sources */,
				8788752022F3586B00C62F6C /* Frameworks */,
				8788752122F3586B00C62F6C /* Resources */,
			);
			buildRules = (
			);
			dependencies = (
			);
			name = WeatherApp;
			productName = WeatherApp;
			productReference = 8788752322F3586B00C62F6C /* WeatherApp.app */;
			productType = "com.apple.product-type.application";
		};
/* End PBXNativeTarget section */

/* Begin PBXProject section */
		8788751B22F3586B00C62F6C /* Project object */ = {
			isa = PBXProject;
			attributes = {
				LastSwiftUpdateCheck = 1020;
				LastUpgradeCheck = 1020;
				ORGANIZATIONNAME = "Ramon Geronimo";
				TargetAttributes = {
					8788752222F3586B00C62F6C = {
						CreatedOnToolsVersion = 10.2;
					};
				};
			};
			buildConfigurationList = 8788751E22F3586B00C62F6C /* Build configuration list for PBXProject "WeatherApp" */;
			compatibilityVersion = "Xcode 9.3";
			developmentRegion = en;
			hasScannedForEncodings = 0;
			knownRegions = (
				en,
				Base,
			);
			mainGroup = 8788751A22F3586B00C62F6C;
			productRefGroup = 8788752422F3586B00C62F6C /* Products */;
			projectDirPath = "";
			projectRoot = "";
			targets = (
				8788752222F3586B00C62F6C /* WeatherApp */,
			);
		};
/* End PBXProject section */

/* Begin PBXResourcesBuildPhase section */
		8788752122F3586B00C62F6C /* Resources */ = {
			isa = PBXResourcesBuildPhase;
			buildActionMask = 2147483647;
			files = (
				8788753122F3586D00C62F6C /* LaunchScreen.storyboard in Resources */,
				8788752E22F3586D00C62F6C /* Assets.xcassets in Resources */,
				8788752C22F3586B00C62F6C /* Main.storyboard in Resources */,
			);
			runOnlyForDeploymentPostprocessing = 0;
		};
/* End PBXResourcesBuildPhase section */

/* Begin PBXSourcesBuildPhase section */
		8788751F22F3586B00C62F6C /* Sources */ = {
			isa = PBXSourcesBuildPhase;
			buildActionMask = 2147483647;
			files = (
				8788754922F361FE00C62F6C /* UIStoryboard.swift in Sources */,
				8788752922F3586B00C62F6C /* RootViewController.swift in Sources */,
				8788752722F3586B00C62F6C /* AppDelegate.swift in Sources */,
				8788754422F35F3E00C62F6C /* WeekViewController.swift in Sources */,
				8788754122F35E6500C62F6C /* DayViewController.swift in Sources */,
				8788755722F3A6CC00C62F6C /* WeatherData.swift in Sources */,
				8788754C22F36E2900C62F6C /* WeatherRequest.swift in Sources */,
				8788754F22F3701000C62F6C /* Configuration.swift in Sources */,
				8788755222F3911500C62F6C /* RootViewModel.swift in Sources */,
				8788755422F39D7000C62F6C /* DarkSkyResponse.swift in Sources */,
				8788754722F3615600C62F6C /* UIViewController.swift in Sources */,
			);
			runOnlyForDeploymentPostprocessing = 0;
		};
/* End PBXSourcesBuildPhase section */

/* Begin PBXVariantGroup section */
		8788752A22F3586B00C62F6C /* Main.storyboard */ = {
			isa = PBXVariantGroup;
			children = (
				8788752B22F3586B00C62F6C /* Base */,
			);
			name = Main.storyboard;
			sourceTree = "<group>";
		};
		8788752F22F3586D00C62F6C /* LaunchScreen.storyboard */ = {
			isa = PBXVariantGroup;
			children = (
				8788753022F3586D00C62F6C /* Base */,
			);
			name = LaunchScreen.storyboard;
			sourceTree = "<group>";
		};
/* End PBXVariantGroup section */

/* Begin XCBuildConfiguration section */
		8788753322F3586D00C62F6C /* Debug */ = {
			isa = XCBuildConfiguration;
			buildSettings = {
				ALWAYS_SEARCH_USER_PATHS = NO;
				CLANG_ANALYZER_NONNULL = YES;
				CLANG_ANALYZER_NUMBER_OBJECT_CONVERSION = YES_AGGRESSIVE;
				CLANG_CXX_LANGUAGE_STANDARD = "gnu++14";
				CLANG_CXX_LIBRARY = "libc++";
				CLANG_ENABLE_MODULES = YES;
				CLANG_ENABLE_OBJC_ARC = YES;
				CLANG_ENABLE_OBJC_WEAK = YES;
				CLANG_WARN_BLOCK_CAPTURE_AUTORELEASING = YES;
				CLANG_WARN_BOOL_CONVERSION = YES;
				CLANG_WARN_COMMA = YES;
				CLANG_WARN_CONSTANT_CONVERSION = YES;
				CLANG_WARN_DEPRECATED_OBJC_IMPLEMENTATIONS = YES;
				CLANG_WARN_DIRECT_OBJC_ISA_USAGE = YES_ERROR;
				CLANG_WARN_DOCUMENTATION_COMMENTS = YES;
				CLANG_WARN_EMPTY_BODY = YES;
				CLANG_WARN_ENUM_CONVERSION = YES;
				CLANG_WARN_INFINITE_RECURSION = YES;
				CLANG_WARN_INT_CONVERSION = YES;
				CLANG_WARN_NON_LITERAL_NULL_CONVERSION = YES;
				CLANG_WARN_OBJC_IMPLICIT_RETAIN_SELF = YES;
				CLANG_WARN_OBJC_LITERAL_CONVERSION = YES;
				CLANG_WARN_OBJC_ROOT_CLASS = YES_ERROR;
				CLANG_WARN_RANGE_LOOP_ANALYSIS = YES;
				CLANG_WARN_STRICT_PROTOTYPES = YES;
				CLANG_WARN_SUSPICIOUS_MOVE = YES;
				CLANG_WARN_UNGUARDED_AVAILABILITY = YES_AGGRESSIVE;
				CLANG_WARN_UNREACHABLE_CODE = YES;
				CLANG_WARN__DUPLICATE_METHOD_MATCH = YES;
				CODE_SIGN_IDENTITY = "iPhone Developer";
				COPY_PHASE_STRIP = NO;
				DEBUG_INFORMATION_FORMAT = dwarf;
				ENABLE_STRICT_OBJC_MSGSEND = YES;
				ENABLE_TESTABILITY = YES;
				GCC_C_LANGUAGE_STANDARD = gnu11;
				GCC_DYNAMIC_NO_PIC = NO;
				GCC_NO_COMMON_BLOCKS = YES;
				GCC_OPTIMIZATION_LEVEL = 0;
				GCC_PREPROCESSOR_DEFINITIONS = (
					"DEBUG=1",
					"$(inherited)",
				);
				GCC_WARN_64_TO_32_BIT_CONVERSION = YES;
				GCC_WARN_ABOUT_RETURN_TYPE = YES_ERROR;
				GCC_WARN_UNDECLARED_SELECTOR = YES;
				GCC_WARN_UNINITIALIZED_AUTOS = YES_AGGRESSIVE;
				GCC_WARN_UNUSED_FUNCTION = YES;
				GCC_WARN_UNUSED_VARIABLE = YES;
				IPHONEOS_DEPLOYMENT_TARGET = 12.2;
				MTL_ENABLE_DEBUG_INFO = INCLUDE_SOURCE;
				MTL_FAST_MATH = YES;
				ONLY_ACTIVE_ARCH = YES;
				SDKROOT = iphoneos;
				SWIFT_ACTIVE_COMPILATION_CONDITIONS = DEBUG;
				SWIFT_OPTIMIZATION_LEVEL = "-Onone";
			};
			name = Debug;
		};
		8788753422F3586D00C62F6C /* Release */ = {
			isa = XCBuildConfiguration;
			buildSettings = {
				ALWAYS_SEARCH_USER_PATHS = NO;
				CLANG_ANALYZER_NONNULL = YES;
				CLANG_ANALYZER_NUMBER_OBJECT_CONVERSION = YES_AGGRESSIVE;
				CLANG_CXX_LANGUAGE_STANDARD = "gnu++14";
				CLANG_CXX_LIBRARY = "libc++";
				CLANG_ENABLE_MODULES = YES;
				CLANG_ENABLE_OBJC_ARC = YES;
				CLANG_ENABLE_OBJC_WEAK = YES;
				CLANG_WARN_BLOCK_CAPTURE_AUTORELEASING = YES;
				CLANG_WARN_BOOL_CONVERSION = YES;
				CLANG_WARN_COMMA = YES;
				CLANG_WARN_CONSTANT_CONVERSION = YES;
				CLANG_WARN_DEPRECATED_OBJC_IMPLEMENTATIONS = YES;
				CLANG_WARN_DIRECT_OBJC_ISA_USAGE = YES_ERROR;
				CLANG_WARN_DOCUMENTATION_COMMENTS = YES;
				CLANG_WARN_EMPTY_BODY = YES;
				CLANG_WARN_ENUM_CONVERSION = YES;
				CLANG_WARN_INFINITE_RECURSION = YES;
				CLANG_WARN_INT_CONVERSION = YES;
				CLANG_WARN_NON_LITERAL_NULL_CONVERSION = YES;
				CLANG_WARN_OBJC_IMPLICIT_RETAIN_SELF = YES;
				CLANG_WARN_OBJC_LITERAL_CONVERSION = YES;
				CLANG_WARN_OBJC_ROOT_CLASS = YES_ERROR;
				CLANG_WARN_RANGE_LOOP_ANALYSIS = YES;
				CLANG_WARN_STRICT_PROTOTYPES = YES;
				CLANG_WARN_SUSPICIOUS_MOVE = YES;
				CLANG_WARN_UNGUARDED_AVAILABILITY = YES_AGGRESSIVE;
				CLANG_WARN_UNREACHABLE_CODE = YES;
				CLANG_WARN__DUPLICATE_METHOD_MATCH = YES;
				CODE_SIGN_IDENTITY = "iPhone Developer";
				COPY_PHASE_STRIP = NO;
				DEBUG_INFORMATION_FORMAT = "dwarf-with-dsym";
				ENABLE_NS_ASSERTIONS = NO;
				ENABLE_STRICT_OBJC_MSGSEND = YES;
				GCC_C_LANGUAGE_STANDARD = gnu11;
				GCC_NO_COMMON_BLOCKS = YES;
				GCC_WARN_64_TO_32_BIT_CONVERSION = YES;
				GCC_WARN_ABOUT_RETURN_TYPE = YES_ERROR;
				GCC_WARN_UNDECLARED_SELECTOR = YES;
				GCC_WARN_UNINITIALIZED_AUTOS = YES_AGGRESSIVE;
				GCC_WARN_UNUSED_FUNCTION = YES;
				GCC_WARN_UNUSED_VARIABLE = YES;
				IPHONEOS_DEPLOYMENT_TARGET = 12.2;
				MTL_ENABLE_DEBUG_INFO = NO;
				MTL_FAST_MATH = YES;
				SDKROOT = iphoneos;
				SWIFT_COMPILATION_MODE = wholemodule;
				SWIFT_OPTIMIZATION_LEVEL = "-O";
				VALIDATE_PRODUCT = YES;
			};
			name = Release;
		};
		8788753622F3586D00C62F6C /* Debug */ = {
			isa = XCBuildConfiguration;
			buildSettings = {
				ASSETCATALOG_COMPILER_APPICON_NAME = AppIcon;
				CODE_SIGN_STYLE = Automatic;
				DEVELOPMENT_TEAM = 29KKRTJA28;
				INFOPLIST_FILE = "$(SRCROOT)/WeatherApp/Supporting Files/Info.plist";
				LD_RUNPATH_SEARCH_PATHS = (
					"$(inherited)",
					"@executable_path/Frameworks",
				);
				PRODUCT_BUNDLE_IDENTIFIER = com.ramongeronimo.WeatherApp;
				PRODUCT_NAME = "$(TARGET_NAME)";
				SWIFT_VERSION = 5.0;
				TARGETED_DEVICE_FAMILY = 1;
			};
			name = Debug;
		};
		8788753722F3586D00C62F6C /* Release */ = {
			isa = XCBuildConfiguration;
			buildSettings = {
				ASSETCATALOG_COMPILER_APPICON_NAME = AppIcon;
				CODE_SIGN_STYLE = Automatic;
				DEVELOPMENT_TEAM = 29KKRTJA28;
				INFOPLIST_FILE = "$(SRCROOT)/WeatherApp/Supporting Files/Info.plist";
				LD_RUNPATH_SEARCH_PATHS = (
					"$(inherited)",
					"@executable_path/Frameworks",
				);
				PRODUCT_BUNDLE_IDENTIFIER = com.ramongeronimo.WeatherApp;
				PRODUCT_NAME = "$(TARGET_NAME)";
				SWIFT_VERSION = 5.0;
				TARGETED_DEVICE_FAMILY = 1;
			};
			name = Release;
		};
/* End XCBuildConfiguration section */

/* Begin XCConfigurationList section */
		8788751E22F3586B00C62F6C /* Build configuration list for PBXProject "WeatherApp" */ = {
			isa = XCConfigurationList;
			buildConfigurations = (
				8788753322F3586D00C62F6C /* Debug */,
				8788753422F3586D00C62F6C /* Release */,
			);
			defaultConfigurationIsVisible = 0;
			defaultConfigurationName = Release;
		};
		8788753522F3586D00C62F6C /* Build configuration list for PBXNativeTarget "WeatherApp" */ = {
			isa = XCConfigurationList;
			buildConfigurations = (
				8788753622F3586D00C62F6C /* Debug */,
				8788753722F3586D00C62F6C /* Release */,
			);
			defaultConfigurationIsVisible = 0;
			defaultConfigurationName = Release;
		};
/* End XCConfigurationList section */
	};
	rootObject = 8788751B22F3586B00C62F6C /* Project object */;
}
